// !$*UTF8*$!
{
	archiveVersion = 1;
	classes = {
	};
	objectVersion = 46;
	objects = {

/* Begin PBXBuildFile section */
		AC1D78601FB6D5E900BFCBB5 /* Foundation.framework in Frameworks */ = {isa = PBXBuildFile; fileRef = AC1D785F1FB6D5E900BFCBB5 /* Foundation.framework */; };
		AC1D78691FB6FC3C00BFCBB5 /* SrchImageCollectionViewCell.m in Sources */ = {isa = PBXBuildFile; fileRef = AC1D78671FB6FC3C00BFCBB5 /* SrchImageCollectionViewCell.m */; };
		AC1D786A1FB6FC3C00BFCBB5 /* SrchImageCollectionViewCell.xib in Resources */ = {isa = PBXBuildFile; fileRef = AC1D78681FB6FC3C00BFCBB5 /* SrchImageCollectionViewCell.xib */; };
		AC67731E1FB6C41700B03156 /* AFHTTPSessionManager.m in Sources */ = {isa = PBXBuildFile; fileRef = AC6772FD1FB6C41700B03156 /* AFHTTPSessionManager.m */; };
		AC67731F1FB6C41700B03156 /* AFNetworkReachabilityManager.m in Sources */ = {isa = PBXBuildFile; fileRef = AC6773001FB6C41700B03156 /* AFNetworkReachabilityManager.m */; };
		AC6773201FB6C41700B03156 /* AFSecurityPolicy.m in Sources */ = {isa = PBXBuildFile; fileRef = AC6773021FB6C41700B03156 /* AFSecurityPolicy.m */; };
		AC6773211FB6C41700B03156 /* AFURLRequestSerialization.m in Sources */ = {isa = PBXBuildFile; fileRef = AC6773041FB6C41700B03156 /* AFURLRequestSerialization.m */; };
		AC6773221FB6C41700B03156 /* AFURLResponseSerialization.m in Sources */ = {isa = PBXBuildFile; fileRef = AC6773061FB6C41700B03156 /* AFURLResponseSerialization.m */; };
		AC6773231FB6C41700B03156 /* AFURLSessionManager.m in Sources */ = {isa = PBXBuildFile; fileRef = AC6773081FB6C41700B03156 /* AFURLSessionManager.m */; };
		AC6773241FB6C41700B03156 /* AFAutoPurgingImageCache.m in Sources */ = {isa = PBXBuildFile; fileRef = AC67730B1FB6C41700B03156 /* AFAutoPurgingImageCache.m */; };
		AC6773251FB6C41700B03156 /* AFImageDownloader.m in Sources */ = {isa = PBXBuildFile; fileRef = AC67730D1FB6C41700B03156 /* AFImageDownloader.m */; };
		AC6773261FB6C41700B03156 /* AFNetworkActivityIndicatorManager.m in Sources */ = {isa = PBXBuildFile; fileRef = AC67730F1FB6C41700B03156 /* AFNetworkActivityIndicatorManager.m */; };
		AC6773271FB6C41700B03156 /* UIActivityIndicatorView+AFNetworking.m in Sources */ = {isa = PBXBuildFile; fileRef = AC6773111FB6C41700B03156 /* UIActivityIndicatorView+AFNetworking.m */; };
		AC6773281FB6C41700B03156 /* UIButton+AFNetworking.m in Sources */ = {isa = PBXBuildFile; fileRef = AC6773131FB6C41700B03156 /* UIButton+AFNetworking.m */; };
		AC6773291FB6C41700B03156 /* UIImageView+AFNetworking.m in Sources */ = {isa = PBXBuildFile; fileRef = AC6773161FB6C41700B03156 /* UIImageView+AFNetworking.m */; };
		AC67732A1FB6C41700B03156 /* UIProgressView+AFNetworking.m in Sources */ = {isa = PBXBuildFile; fileRef = AC6773191FB6C41700B03156 /* UIProgressView+AFNetworking.m */; };
		AC67732B1FB6C41700B03156 /* UIRefreshControl+AFNetworking.m in Sources */ = {isa = PBXBuildFile; fileRef = AC67731B1FB6C41700B03156 /* UIRefreshControl+AFNetworking.m */; };
		AC67732C1FB6C41700B03156 /* UIWebView+AFNetworking.m in Sources */ = {isa = PBXBuildFile; fileRef = AC67731D1FB6C41700B03156 /* UIWebView+AFNetworking.m */; };
		AC70E8C21FB6BDDD00C9C9E6 /* main.m in Sources */ = {isa = PBXBuildFile; fileRef = AC70E8C11FB6BDDD00C9C9E6 /* main.m */; };
		AC70E8C51FB6BDDD00C9C9E6 /* AppDelegate.m in Sources */ = {isa = PBXBuildFile; fileRef = AC70E8C41FB6BDDD00C9C9E6 /* AppDelegate.m */; };
		AC70E8C81FB6BDDD00C9C9E6 /* ViewController.m in Sources */ = {isa = PBXBuildFile; fileRef = AC70E8C71FB6BDDD00C9C9E6 /* ViewController.m */; };
		AC70E8CB1FB6BDDD00C9C9E6 /* Main.storyboard in Resources */ = {isa = PBXBuildFile; fileRef = AC70E8C91FB6BDDD00C9C9E6 /* Main.storyboard */; };
		AC70E8CE1FB6BDDD00C9C9E6 /* SearchImage.xcdatamodeld in Sources */ = {isa = PBXBuildFile; fileRef = AC70E8CC1FB6BDDD00C9C9E6 /* SearchImage.xcdatamodeld */; };
		AC70E8D01FB6BDDD00C9C9E6 /* Assets.xcassets in Resources */ = {isa = PBXBuildFile; fileRef = AC70E8CF1FB6BDDD00C9C9E6 /* Assets.xcassets */; };
		AC70E8D31FB6BDDD00C9C9E6 /* LaunchScreen.storyboard in Resources */ = {isa = PBXBuildFile; fileRef = AC70E8D11FB6BDDD00C9C9E6 /* LaunchScreen.storyboard */; };
		AC70E8DE1FB6BDDD00C9C9E6 /* SearchImageTests.m in Sources */ = {isa = PBXBuildFile; fileRef = AC70E8DD1FB6BDDD00C9C9E6 /* SearchImageTests.m */; };
		AC70E8E91FB6BDDD00C9C9E6 /* SearchImageUITests.m in Sources */ = {isa = PBXBuildFile; fileRef = AC70E8E81FB6BDDD00C9C9E6 /* SearchImageUITests.m */; };
/* End PBXBuildFile section */

/* Begin PBXContainerItemProxy section */
		AC70E8DA1FB6BDDD00C9C9E6 /* PBXContainerItemProxy */ = {
			isa = PBXContainerItemProxy;
			containerPortal = AC70E8B51FB6BDDC00C9C9E6 /* Project object */;
			proxyType = 1;
			remoteGlobalIDString = AC70E8BC1FB6BDDD00C9C9E6;
			remoteInfo = SearchImage;
		};
		AC70E8E51FB6BDDD00C9C9E6 /* PBXContainerItemProxy */ = {
			isa = PBXContainerItemProxy;
			containerPortal = AC70E8B51FB6BDDC00C9C9E6 /* Project object */;
			proxyType = 1;
			remoteGlobalIDString = AC70E8BC1FB6BDDD00C9C9E6;
			remoteInfo = SearchImage;
		};
/* End PBXContainerItemProxy section */

/* Begin PBXFileReference section */
		AC1D78521FB6D59700BFCBB5 /* AFHTTPSessionManager.h */ = {isa = PBXFileReference; lastKnownFileType = sourcecode.c.h; path = AFHTTPSessionManager.h; sourceTree = "<group>"; };
		AC1D78531FB6D59700BFCBB5 /* AFHTTPSessionManager.m */ = {isa = PBXFileReference; lastKnownFileType = sourcecode.c.objc; path = AFHTTPSessionManager.m; sourceTree = "<group>"; };
		AC1D78541FB6D59700BFCBB5 /* AFNetworking.h */ = {isa = PBXFileReference; lastKnownFileType = sourcecode.c.h; path = AFNetworking.h; sourceTree = "<group>"; };
		AC1D78551FB6D59700BFCBB5 /* AFNetworkReachabilityManager.h */ = {isa = PBXFileReference; lastKnownFileType = sourcecode.c.h; path = AFNetworkReachabilityManager.h; sourceTree = "<group>"; };
		AC1D78561FB6D59700BFCBB5 /* AFNetworkReachabilityManager.m */ = {isa = PBXFileReference; lastKnownFileType = sourcecode.c.objc; path = AFNetworkReachabilityManager.m; sourceTree = "<group>"; };
		AC1D78571FB6D59700BFCBB5 /* AFSecurityPolicy.h */ = {isa = PBXFileReference; lastKnownFileType = sourcecode.c.h; path = AFSecurityPolicy.h; sourceTree = "<group>"; };
		AC1D78581FB6D59700BFCBB5 /* AFSecurityPolicy.m */ = {isa = PBXFileReference; lastKnownFileType = sourcecode.c.objc; path = AFSecurityPolicy.m; sourceTree = "<group>"; };
		AC1D78591FB6D59700BFCBB5 /* AFURLRequestSerialization.h */ = {isa = PBXFileReference; lastKnownFileType = sourcecode.c.h; path = AFURLRequestSerialization.h; sourceTree = "<group>"; };
		AC1D785A1FB6D59700BFCBB5 /* AFURLRequestSerialization.m */ = {isa = PBXFileReference; lastKnownFileType = sourcecode.c.objc; path = AFURLRequestSerialization.m; sourceTree = "<group>"; };
		AC1D785B1FB6D59700BFCBB5 /* AFURLResponseSerialization.h */ = {isa = PBXFileReference; lastKnownFileType = sourcecode.c.h; path = AFURLResponseSerialization.h; sourceTree = "<group>"; };
		AC1D785C1FB6D59700BFCBB5 /* AFURLResponseSerialization.m */ = {isa = PBXFileReference; lastKnownFileType = sourcecode.c.objc; path = AFURLResponseSerialization.m; sourceTree = "<group>"; };
		AC1D785D1FB6D59700BFCBB5 /* AFURLSessionManager.h */ = {isa = PBXFileReference; lastKnownFileType = sourcecode.c.h; path = AFURLSessionManager.h; sourceTree = "<group>"; };
		AC1D785E1FB6D59700BFCBB5 /* AFURLSessionManager.m */ = {isa = PBXFileReference; lastKnownFileType = sourcecode.c.objc; path = AFURLSessionManager.m; sourceTree = "<group>"; };
		AC1D785F1FB6D5E900BFCBB5 /* Foundation.framework */ = {isa = PBXFileReference; lastKnownFileType = wrapper.framework; name = Foundation.framework; path = System/Library/Frameworks/Foundation.framework; sourceTree = SDKROOT; };
		AC1D78661FB6FC3C00BFCBB5 /* SrchImageCollectionViewCell.h */ = {isa = PBXFileReference; fileEncoding = 4; lastKnownFileType = sourcecode.c.h; path = SrchImageCollectionViewCell.h; sourceTree = "<group>"; };
		AC1D78671FB6FC3C00BFCBB5 /* SrchImageCollectionViewCell.m */ = {isa = PBXFileReference; fileEncoding = 4; lastKnownFileType = sourcecode.c.objc; path = SrchImageCollectionViewCell.m; sourceTree = "<group>"; };
		AC1D78681FB6FC3C00BFCBB5 /* SrchImageCollectionViewCell.xib */ = {isa = PBXFileReference; fileEncoding = 4; lastKnownFileType = file.xib; path = SrchImageCollectionViewCell.xib; sourceTree = "<group>"; };
		AC6772FC1FB6C41700B03156 /* AFHTTPSessionManager.h */ = {isa = PBXFileReference; fileEncoding = 4; lastKnownFileType = sourcecode.c.h; path = AFHTTPSessionManager.h; sourceTree = "<group>"; };
		AC6772FD1FB6C41700B03156 /* AFHTTPSessionManager.m */ = {isa = PBXFileReference; fileEncoding = 4; lastKnownFileType = sourcecode.c.objc; path = AFHTTPSessionManager.m; sourceTree = "<group>"; };
		AC6772FE1FB6C41700B03156 /* AFNetworking.h */ = {isa = PBXFileReference; fileEncoding = 4; lastKnownFileType = sourcecode.c.h; path = AFNetworking.h; sourceTree = "<group>"; };
		AC6772FF1FB6C41700B03156 /* AFNetworkReachabilityManager.h */ = {isa = PBXFileReference; fileEncoding = 4; lastKnownFileType = sourcecode.c.h; path = AFNetworkReachabilityManager.h; sourceTree = "<group>"; };
		AC6773001FB6C41700B03156 /* AFNetworkReachabilityManager.m */ = {isa = PBXFileReference; fileEncoding = 4; lastKnownFileType = sourcecode.c.objc; path = AFNetworkReachabilityManager.m; sourceTree = "<group>"; };
		AC6773011FB6C41700B03156 /* AFSecurityPolicy.h */ = {isa = PBXFileReference; fileEncoding = 4; lastKnownFileType = sourcecode.c.h; path = AFSecurityPolicy.h; sourceTree = "<group>"; };
		AC6773021FB6C41700B03156 /* AFSecurityPolicy.m */ = {isa = PBXFileReference; fileEncoding = 4; lastKnownFileType = sourcecode.c.objc; path = AFSecurityPolicy.m; sourceTree = "<group>"; };
		AC6773031FB6C41700B03156 /* AFURLRequestSerialization.h */ = {isa = PBXFileReference; fileEncoding = 4; lastKnownFileType = sourcecode.c.h; path = AFURLRequestSerialization.h; sourceTree = "<group>"; };
		AC6773041FB6C41700B03156 /* AFURLRequestSerialization.m */ = {isa = PBXFileReference; fileEncoding = 4; lastKnownFileType = sourcecode.c.objc; path = AFURLRequestSerialization.m; sourceTree = "<group>"; };
		AC6773051FB6C41700B03156 /* AFURLResponseSerialization.h */ = {isa = PBXFileReference; fileEncoding = 4; lastKnownFileType = sourcecode.c.h; path = AFURLResponseSerialization.h; sourceTree = "<group>"; };
		AC6773061FB6C41700B03156 /* AFURLResponseSerialization.m */ = {isa = PBXFileReference; fileEncoding = 4; lastKnownFileType = sourcecode.c.objc; path = AFURLResponseSerialization.m; sourceTree = "<group>"; };
		AC6773071FB6C41700B03156 /* AFURLSessionManager.h */ = {isa = PBXFileReference; fileEncoding = 4; lastKnownFileType = sourcecode.c.h; path = AFURLSessionManager.h; sourceTree = "<group>"; };
		AC6773081FB6C41700B03156 /* AFURLSessionManager.m */ = {isa = PBXFileReference; fileEncoding = 4; lastKnownFileType = sourcecode.c.objc; path = AFURLSessionManager.m; sourceTree = "<group>"; };
		AC67730A1FB6C41700B03156 /* AFAutoPurgingImageCache.h */ = {isa = PBXFileReference; fileEncoding = 4; lastKnownFileType = sourcecode.c.h; path = AFAutoPurgingImageCache.h; sourceTree = "<group>"; };
		AC67730B1FB6C41700B03156 /* AFAutoPurgingImageCache.m */ = {isa = PBXFileReference; fileEncoding = 4; lastKnownFileType = sourcecode.c.objc; path = AFAutoPurgingImageCache.m; sourceTree = "<group>"; };
		AC67730C1FB6C41700B03156 /* AFImageDownloader.h */ = {isa = PBXFileReference; fileEncoding = 4; lastKnownFileType = sourcecode.c.h; path = AFImageDownloader.h; sourceTree = "<group>"; };
		AC67730D1FB6C41700B03156 /* AFImageDownloader.m */ = {isa = PBXFileReference; fileEncoding = 4; lastKnownFileType = sourcecode.c.objc; path = AFImageDownloader.m; sourceTree = "<group>"; };
		AC67730E1FB6C41700B03156 /* AFNetworkActivityIndicatorManager.h */ = {isa = PBXFileReference; fileEncoding = 4; lastKnownFileType = sourcecode.c.h; path = AFNetworkActivityIndicatorManager.h; sourceTree = "<group>"; };
		AC67730F1FB6C41700B03156 /* AFNetworkActivityIndicatorManager.m */ = {isa = PBXFileReference; fileEncoding = 4; lastKnownFileType = sourcecode.c.objc; path = AFNetworkActivityIndicatorManager.m; sourceTree = "<group>"; };
		AC6773101FB6C41700B03156 /* UIActivityIndicatorView+AFNetworking.h */ = {isa = PBXFileReference; fileEncoding = 4; lastKnownFileType = sourcecode.c.h; path = "UIActivityIndicatorView+AFNetworking.h"; sourceTree = "<group>"; };
		AC6773111FB6C41700B03156 /* UIActivityIndicatorView+AFNetworking.m */ = {isa = PBXFileReference; fileEncoding = 4; lastKnownFileType = sourcecode.c.objc; path = "UIActivityIndicatorView+AFNetworking.m"; sourceTree = "<group>"; };
		AC6773121FB6C41700B03156 /* UIButton+AFNetworking.h */ = {isa = PBXFileReference; fileEncoding = 4; lastKnownFileType = sourcecode.c.h; path = "UIButton+AFNetworking.h"; sourceTree = "<group>"; };
		AC6773131FB6C41700B03156 /* UIButton+AFNetworking.m */ = {isa = PBXFileReference; fileEncoding = 4; lastKnownFileType = sourcecode.c.objc; path = "UIButton+AFNetworking.m"; sourceTree = "<group>"; };
		AC6773141FB6C41700B03156 /* UIImage+AFNetworking.h */ = {isa = PBXFileReference; fileEncoding = 4; lastKnownFileType = sourcecode.c.h; path = "UIImage+AFNetworking.h"; sourceTree = "<group>"; };
		AC6773151FB6C41700B03156 /* UIImageView+AFNetworking.h */ = {isa = PBXFileReference; fileEncoding = 4; lastKnownFileType = sourcecode.c.h; path = "UIImageView+AFNetworking.h"; sourceTree = "<group>"; };
		AC6773161FB6C41700B03156 /* UIImageView+AFNetworking.m */ = {isa = PBXFileReference; fileEncoding = 4; lastKnownFileType = sourcecode.c.objc; path = "UIImageView+AFNetworking.m"; sourceTree = "<group>"; };
		AC6773171FB6C41700B03156 /* UIKit+AFNetworking.h */ = {isa = PBXFileReference; fileEncoding = 4; lastKnownFileType = sourcecode.c.h; path = "UIKit+AFNetworking.h"; sourceTree = "<group>"; };
		AC6773181FB6C41700B03156 /* UIProgressView+AFNetworking.h */ = {isa = PBXFileReference; fileEncoding = 4; lastKnownFileType = sourcecode.c.h; path = "UIProgressView+AFNetworking.h"; sourceTree = "<group>"; };
		AC6773191FB6C41700B03156 /* UIProgressView+AFNetworking.m */ = {isa = PBXFileReference; fileEncoding = 4; lastKnownFileType = sourcecode.c.objc; path = "UIProgressView+AFNetworking.m"; sourceTree = "<group>"; };
		AC67731A1FB6C41700B03156 /* UIRefreshControl+AFNetworking.h */ = {isa = PBXFileReference; fileEncoding = 4; lastKnownFileType = sourcecode.c.h; path = "UIRefreshControl+AFNetworking.h"; sourceTree = "<group>"; };
		AC67731B1FB6C41700B03156 /* UIRefreshControl+AFNetworking.m */ = {isa = PBXFileReference; fileEncoding = 4; lastKnownFileType = sourcecode.c.objc; path = "UIRefreshControl+AFNetworking.m"; sourceTree = "<group>"; };
		AC67731C1FB6C41700B03156 /* UIWebView+AFNetworking.h */ = {isa = PBXFileReference; fileEncoding = 4; lastKnownFileType = sourcecode.c.h; path = "UIWebView+AFNetworking.h"; sourceTree = "<group>"; };
		AC67731D1FB6C41700B03156 /* UIWebView+AFNetworking.m */ = {isa = PBXFileReference; fileEncoding = 4; lastKnownFileType = sourcecode.c.objc; path = "UIWebView+AFNetworking.m"; sourceTree = "<group>"; };
		AC70E8BD1FB6BDDD00C9C9E6 /* SearchImage.app */ = {isa = PBXFileReference; explicitFileType = wrapper.application; includeInIndex = 0; path = SearchImage.app; sourceTree = BUILT_PRODUCTS_DIR; };
		AC70E8C11FB6BDDD00C9C9E6 /* main.m */ = {isa = PBXFileReference; lastKnownFileType = sourcecode.c.objc; path = main.m; sourceTree = "<group>"; };
		AC70E8C31FB6BDDD00C9C9E6 /* AppDelegate.h */ = {isa = PBXFileReference; lastKnownFileType = sourcecode.c.h; path = AppDelegate.h; sourceTree = "<group>"; };
		AC70E8C41FB6BDDD00C9C9E6 /* AppDelegate.m */ = {isa = PBXFileReference; lastKnownFileType = sourcecode.c.objc; path = AppDelegate.m; sourceTree = "<group>"; };
		AC70E8C61FB6BDDD00C9C9E6 /* ViewController.h */ = {isa = PBXFileReference; lastKnownFileType = sourcecode.c.h; path = ViewController.h; sourceTree = "<group>"; };
		AC70E8C71FB6BDDD00C9C9E6 /* ViewController.m */ = {isa = PBXFileReference; lastKnownFileType = sourcecode.c.objc; path = ViewController.m; sourceTree = "<group>"; };
		AC70E8CA1FB6BDDD00C9C9E6 /* Base */ = {isa = PBXFileReference; lastKnownFileType = file.storyboard; name = Base; path = Base.lproj/Main.storyboard; sourceTree = "<group>"; };
		AC70E8CD1FB6BDDD00C9C9E6 /* SearchImage.xcdatamodel */ = {isa = PBXFileReference; lastKnownFileType = wrapper.xcdatamodel; path = SearchImage.xcdatamodel; sourceTree = "<group>"; };
		AC70E8CF1FB6BDDD00C9C9E6 /* Assets.xcassets */ = {isa = PBXFileReference; lastKnownFileType = folder.assetcatalog; path = Assets.xcassets; sourceTree = "<group>"; };
		AC70E8D21FB6BDDD00C9C9E6 /* Base */ = {isa = PBXFileReference; lastKnownFileType = file.storyboard; name = Base; path = Base.lproj/LaunchScreen.storyboard; sourceTree = "<group>"; };
		AC70E8D41FB6BDDD00C9C9E6 /* Info.plist */ = {isa = PBXFileReference; lastKnownFileType = text.plist.xml; path = Info.plist; sourceTree = "<group>"; };
		AC70E8D91FB6BDDD00C9C9E6 /* SearchImageTests.xctest */ = {isa = PBXFileReference; explicitFileType = wrapper.cfbundle; includeInIndex = 0; path = SearchImageTests.xctest; sourceTree = BUILT_PRODUCTS_DIR; };
		AC70E8DD1FB6BDDD00C9C9E6 /* SearchImageTests.m */ = {isa = PBXFileReference; lastKnownFileType = sourcecode.c.objc; path = SearchImageTests.m; sourceTree = "<group>"; };
		AC70E8DF1FB6BDDD00C9C9E6 /* Info.plist */ = {isa = PBXFileReference; lastKnownFileType = text.plist.xml; path = Info.plist; sourceTree = "<group>"; };
		AC70E8E41FB6BDDD00C9C9E6 /* SearchImageUITests.xctest */ = {isa = PBXFileReference; explicitFileType = wrapper.cfbundle; includeInIndex = 0; path = SearchImageUITests.xctest; sourceTree = BUILT_PRODUCTS_DIR; };
		AC70E8E81FB6BDDD00C9C9E6 /* SearchImageUITests.m */ = {isa = PBXFileReference; lastKnownFileType = sourcecode.c.objc; path = SearchImageUITests.m; sourceTree = "<group>"; };
		AC70E8EA1FB6BDDD00C9C9E6 /* Info.plist */ = {isa = PBXFileReference; lastKnownFileType = text.plist.xml; path = Info.plist; sourceTree = "<group>"; };
/* End PBXFileReference section */

/* Begin PBXFrameworksBuildPhase section */
		AC70E8BA1FB6BDDD00C9C9E6 /* Frameworks */ = {
			isa = PBXFrameworksBuildPhase;
			buildActionMask = 2147483647;
			files = (
				AC1D78601FB6D5E900BFCBB5 /* Foundation.framework in Frameworks */,
			);
			runOnlyForDeploymentPostprocessing = 0;
		};
		AC70E8D61FB6BDDD00C9C9E6 /* Frameworks */ = {
			isa = PBXFrameworksBuildPhase;
			buildActionMask = 2147483647;
			files = (
			);
			runOnlyForDeploymentPostprocessing = 0;
		};
		AC70E8E11FB6BDDD00C9C9E6 /* Frameworks */ = {
			isa = PBXFrameworksBuildPhase;
			buildActionMask = 2147483647;
			files = (
			);
			runOnlyForDeploymentPostprocessing = 0;
		};
/* End PBXFrameworksBuildPhase section */

/* Begin PBXGroup section */
		AC1D78501FB6D59700BFCBB5 /* Frameworks */ = {
			isa = PBXGroup;
			children = (
				AC1D785F1FB6D5E900BFCBB5 /* Foundation.framework */,
				AC1D78511FB6D59700BFCBB5 /* AFNetworking */,
			);
			name = Frameworks;
			sourceTree = "<group>";
		};
		AC1D78511FB6D59700BFCBB5 /* AFNetworking */ = {
			isa = PBXGroup;
			children = (
				AC1D78521FB6D59700BFCBB5 /* AFHTTPSessionManager.h */,
				AC1D78531FB6D59700BFCBB5 /* AFHTTPSessionManager.m */,
				AC1D78541FB6D59700BFCBB5 /* AFNetworking.h */,
				AC1D78551FB6D59700BFCBB5 /* AFNetworkReachabilityManager.h */,
				AC1D78561FB6D59700BFCBB5 /* AFNetworkReachabilityManager.m */,
				AC1D78571FB6D59700BFCBB5 /* AFSecurityPolicy.h */,
				AC1D78581FB6D59700BFCBB5 /* AFSecurityPolicy.m */,
				AC1D78591FB6D59700BFCBB5 /* AFURLRequestSerialization.h */,
				AC1D785A1FB6D59700BFCBB5 /* AFURLRequestSerialization.m */,
				AC1D785B1FB6D59700BFCBB5 /* AFURLResponseSerialization.h */,
				AC1D785C1FB6D59700BFCBB5 /* AFURLResponseSerialization.m */,
				AC1D785D1FB6D59700BFCBB5 /* AFURLSessionManager.h */,
				AC1D785E1FB6D59700BFCBB5 /* AFURLSessionManager.m */,
			);
			name = AFNetworking;
			path = SearchImage/Library/AFNetworking;
			sourceTree = "<group>";
		};
		AC6772FA1FB6C41700B03156 /* Library */ = {
			isa = PBXGroup;
			children = (
				AC6772FB1FB6C41700B03156 /* AFNetworking */,
				AC6773091FB6C41700B03156 /* UIKit+AFNetworking */,
			);
			path = Library;
			sourceTree = "<group>";
		};
		AC6772FB1FB6C41700B03156 /* AFNetworking */ = {
			isa = PBXGroup;
			children = (
				AC6772FC1FB6C41700B03156 /* AFHTTPSessionManager.h */,
				AC6772FD1FB6C41700B03156 /* AFHTTPSessionManager.m */,
				AC6772FE1FB6C41700B03156 /* AFNetworking.h */,
				AC6772FF1FB6C41700B03156 /* AFNetworkReachabilityManager.h */,
				AC6773001FB6C41700B03156 /* AFNetworkReachabilityManager.m */,
				AC6773011FB6C41700B03156 /* AFSecurityPolicy.h */,
				AC6773021FB6C41700B03156 /* AFSecurityPolicy.m */,
				AC6773031FB6C41700B03156 /* AFURLRequestSerialization.h */,
				AC6773041FB6C41700B03156 /* AFURLRequestSerialization.m */,
				AC6773051FB6C41700B03156 /* AFURLResponseSerialization.h */,
				AC6773061FB6C41700B03156 /* AFURLResponseSerialization.m */,
				AC6773071FB6C41700B03156 /* AFURLSessionManager.h */,
				AC6773081FB6C41700B03156 /* AFURLSessionManager.m */,
			);
			path = AFNetworking;
			sourceTree = "<group>";
		};
		AC6773091FB6C41700B03156 /* UIKit+AFNetworking */ = {
			isa = PBXGroup;
			children = (
				AC67730A1FB6C41700B03156 /* AFAutoPurgingImageCache.h */,
				AC67730B1FB6C41700B03156 /* AFAutoPurgingImageCache.m */,
				AC67730C1FB6C41700B03156 /* AFImageDownloader.h */,
				AC67730D1FB6C41700B03156 /* AFImageDownloader.m */,
				AC67730E1FB6C41700B03156 /* AFNetworkActivityIndicatorManager.h */,
				AC67730F1FB6C41700B03156 /* AFNetworkActivityIndicatorManager.m */,
				AC6773101FB6C41700B03156 /* UIActivityIndicatorView+AFNetworking.h */,
				AC6773111FB6C41700B03156 /* UIActivityIndicatorView+AFNetworking.m */,
				AC6773121FB6C41700B03156 /* UIButton+AFNetworking.h */,
				AC6773131FB6C41700B03156 /* UIButton+AFNetworking.m */,
				AC6773141FB6C41700B03156 /* UIImage+AFNetworking.h */,
				AC6773151FB6C41700B03156 /* UIImageView+AFNetworking.h */,
				AC6773161FB6C41700B03156 /* UIImageView+AFNetworking.m */,
				AC6773171FB6C41700B03156 /* UIKit+AFNetworking.h */,
				AC6773181FB6C41700B03156 /* UIProgressView+AFNetworking.h */,
				AC6773191FB6C41700B03156 /* UIProgressView+AFNetworking.m */,
				AC67731A1FB6C41700B03156 /* UIRefreshControl+AFNetworking.h */,
				AC67731B1FB6C41700B03156 /* UIRefreshControl+AFNetworking.m */,
				AC67731C1FB6C41700B03156 /* UIWebView+AFNetworking.h */,
				AC67731D1FB6C41700B03156 /* UIWebView+AFNetworking.m */,
			);
			path = "UIKit+AFNetworking";
			sourceTree = "<group>";
		};
		AC70E8B41FB6BDDC00C9C9E6 = {
			isa = PBXGroup;
			children = (
				AC70E8BF1FB6BDDD00C9C9E6 /* SearchImage */,
				AC70E8DC1FB6BDDD00C9C9E6 /* SearchImageTests */,
				AC70E8E71FB6BDDD00C9C9E6 /* SearchImageUITests */,
				AC70E8BE1FB6BDDD00C9C9E6 /* Products */,
				AC1D78501FB6D59700BFCBB5 /* Frameworks */,
			);
			sourceTree = "<group>";
		};
		AC70E8BE1FB6BDDD00C9C9E6 /* Products */ = {
			isa = PBXGroup;
			children = (
				AC70E8BD1FB6BDDD00C9C9E6 /* SearchImage.app */,
				AC70E8D91FB6BDDD00C9C9E6 /* SearchImageTests.xctest */,
				AC70E8E41FB6BDDD00C9C9E6 /* SearchImageUITests.xctest */,
			);
			name = Products;
			sourceTree = "<group>";
		};
		AC70E8BF1FB6BDDD00C9C9E6 /* SearchImage */ = {
			isa = PBXGroup;
			children = (
				AC70E8C31FB6BDDD00C9C9E6 /* AppDelegate.h */,
				AC70E8C41FB6BDDD00C9C9E6 /* AppDelegate.m */,
				AC70E8C61FB6BDDD00C9C9E6 /* ViewController.h */,
				AC70E8C71FB6BDDD00C9C9E6 /* ViewController.m */,
				AC70E8C91FB6BDDD00C9C9E6 /* Main.storyboard */,
				AC70E8CF1FB6BDDD00C9C9E6 /* Assets.xcassets */,
				AC70E8D11FB6BDDD00C9C9E6 /* LaunchScreen.storyboard */,
				AC70E8D41FB6BDDD00C9C9E6 /* Info.plist */,
				AC70E8CC1FB6BDDD00C9C9E6 /* SearchImage.xcdatamodeld */,
				AC6772FA1FB6C41700B03156 /* Library */,
				AC70E8C01FB6BDDD00C9C9E6 /* Supporting Files */,
				AC1D78661FB6FC3C00BFCBB5 /* SrchImageCollectionViewCell.h */,
				AC1D78671FB6FC3C00BFCBB5 /* SrchImageCollectionViewCell.m */,
				AC1D78681FB6FC3C00BFCBB5 /* SrchImageCollectionViewCell.xib */,
			);
			path = SearchImage;
			sourceTree = "<group>";
		};
		AC70E8C01FB6BDDD00C9C9E6 /* Supporting Files */ = {
			isa = PBXGroup;
			children = (
				AC70E8C11FB6BDDD00C9C9E6 /* main.m */,
			);
			name = "Supporting Files";
			sourceTree = "<group>";
		};
		AC70E8DC1FB6BDDD00C9C9E6 /* SearchImageTests */ = {
			isa = PBXGroup;
			children = (
				AC70E8DD1FB6BDDD00C9C9E6 /* SearchImageTests.m */,
				AC70E8DF1FB6BDDD00C9C9E6 /* Info.plist */,
			);
			path = SearchImageTests;
			sourceTree = "<group>";
		};
		AC70E8E71FB6BDDD00C9C9E6 /* SearchImageUITests */ = {
			isa = PBXGroup;
			children = (
				AC70E8E81FB6BDDD00C9C9E6 /* SearchImageUITests.m */,
				AC70E8EA1FB6BDDD00C9C9E6 /* Info.plist */,
			);
			path = SearchImageUITests;
			sourceTree = "<group>";
		};
/* End PBXGroup section */

/* Begin PBXNativeTarget section */
		AC70E8BC1FB6BDDD00C9C9E6 /* SearchImage */ = {
			isa = PBXNativeTarget;
			buildConfigurationList = AC70E8ED1FB6BDDD00C9C9E6 /* Build configuration list for PBXNativeTarget "SearchImage" */;
			buildPhases = (
				AC70E8B91FB6BDDD00C9C9E6 /* Sources */,
				AC70E8BA1FB6BDDD00C9C9E6 /* Frameworks */,
				AC70E8BB1FB6BDDD00C9C9E6 /* Resources */,
			);
			buildRules = (
			);
			dependencies = (
			);
			name = SearchImage;
			productName = SearchImage;
			productReference = AC70E8BD1FB6BDDD00C9C9E6 /* SearchImage.app */;
			productType = "com.apple.product-type.application";
		};
		AC70E8D81FB6BDDD00C9C9E6 /* SearchImageTests */ = {
			isa = PBXNativeTarget;
			buildConfigurationList = AC70E8F01FB6BDDD00C9C9E6 /* Build configuration list for PBXNativeTarget "SearchImageTests" */;
			buildPhases = (
				AC70E8D51FB6BDDD00C9C9E6 /* Sources */,
				AC70E8D61FB6BDDD00C9C9E6 /* Frameworks */,
				AC70E8D71FB6BDDD00C9C9E6 /* Resources */,
			);
			buildRules = (
			);
			dependencies = (
				AC70E8DB1FB6BDDD00C9C9E6 /* PBXTargetDependency */,
			);
			name = SearchImageTests;
			productName = SearchImageTests;
			productReference = AC70E8D91FB6BDDD00C9C9E6 /* SearchImageTests.xctest */;
			productType = "com.apple.product-type.bundle.unit-test";
		};
		AC70E8E31FB6BDDD00C9C9E6 /* SearchImageUITests */ = {
			isa = PBXNativeTarget;
			buildConfigurationList = AC70E8F31FB6BDDD00C9C9E6 /* Build configuration list for PBXNativeTarget "SearchImageUITests" */;
			buildPhases = (
				AC70E8E01FB6BDDD00C9C9E6 /* Sources */,
				AC70E8E11FB6BDDD00C9C9E6 /* Frameworks */,
				AC70E8E21FB6BDDD00C9C9E6 /* Resources */,
			);
			buildRules = (
			);
			dependencies = (
				AC70E8E61FB6BDDD00C9C9E6 /* PBXTargetDependency */,
			);
			name = SearchImageUITests;
			productName = SearchImageUITests;
			productReference = AC70E8E41FB6BDDD00C9C9E6 /* SearchImageUITests.xctest */;
			productType = "com.apple.product-type.bundle.ui-testing";
		};
/* End PBXNativeTarget section */

/* Begin PBXProject section */
		AC70E8B51FB6BDDC00C9C9E6 /* Project object */ = {
			isa = PBXProject;
			attributes = {
				LastUpgradeCheck = 0830;
				ORGANIZATIONNAME = "방문 사용자";
				TargetAttributes = {
					AC70E8BC1FB6BDDD00C9C9E6 = {
						CreatedOnToolsVersion = 8.3.3;
						ProvisioningStyle = Automatic;
					};
					AC70E8D81FB6BDDD00C9C9E6 = {
						CreatedOnToolsVersion = 8.3.3;
						ProvisioningStyle = Automatic;
						TestTargetID = AC70E8BC1FB6BDDD00C9C9E6;
					};
					AC70E8E31FB6BDDD00C9C9E6 = {
						CreatedOnToolsVersion = 8.3.3;
						ProvisioningStyle = Automatic;
						TestTargetID = AC70E8BC1FB6BDDD00C9C9E6;
					};
				};
			};
			buildConfigurationList = AC70E8B81FB6BDDC00C9C9E6 /* Build configuration list for PBXProject "SearchImage" */;
			compatibilityVersion = "Xcode 3.2";
			developmentRegion = English;
			hasScannedForEncodings = 0;
			knownRegions = (
				en,
				Base,
			);
			mainGroup = AC70E8B41FB6BDDC00C9C9E6;
			productRefGroup = AC70E8BE1FB6BDDD00C9C9E6 /* Products */;
			projectDirPath = "";
			projectRoot = "";
			targets = (
				AC70E8BC1FB6BDDD00C9C9E6 /* SearchImage */,
				AC70E8D81FB6BDDD00C9C9E6 /* SearchImageTests */,
				AC70E8E31FB6BDDD00C9C9E6 /* SearchImageUITests */,
			);
		};
/* End PBXProject section */

/* Begin PBXResourcesBuildPhase section */
		AC70E8BB1FB6BDDD00C9C9E6 /* Resources */ = {
			isa = PBXResourcesBuildPhase;
			buildActionMask = 2147483647;
			files = (
				AC70E8D31FB6BDDD00C9C9E6 /* LaunchScreen.storyboard in Resources */,
				AC70E8D01FB6BDDD00C9C9E6 /* Assets.xcassets in Resources */,
				AC1D786A1FB6FC3C00BFCBB5 /* SrchImageCollectionViewCell.xib in Resources */,
				AC70E8CB1FB6BDDD00C9C9E6 /* Main.storyboard in Resources */,
			);
			runOnlyForDeploymentPostprocessing = 0;
		};
		AC70E8D71FB6BDDD00C9C9E6 /* Resources */ = {
			isa = PBXResourcesBuildPhase;
			buildActionMask = 2147483647;
			files = (
			);
			runOnlyForDeploymentPostprocessing = 0;
		};
		AC70E8E21FB6BDDD00C9C9E6 /* Resources */ = {
			isa = PBXResourcesBuildPhase;
			buildActionMask = 2147483647;
			files = (
			);
			runOnlyForDeploymentPostprocessing = 0;
		};
/* End PBXResourcesBuildPhase section */

/* Begin PBXSourcesBuildPhase section */
		AC70E8B91FB6BDDD00C9C9E6 /* Sources */ = {
			isa = PBXSourcesBuildPhase;
			buildActionMask = 2147483647;
			files = (
				AC6773201FB6C41700B03156 /* AFSecurityPolicy.m in Sources */,
				AC6773221FB6C41700B03156 /* AFURLResponseSerialization.m in Sources */,
				AC70E8C81FB6BDDD00C9C9E6 /* ViewController.m in Sources */,
				AC70E8CE1FB6BDDD00C9C9E6 /* SearchImage.xcdatamodeld in Sources */,
				AC1D78691FB6FC3C00BFCBB5 /* SrchImageCollectionViewCell.m in Sources */,
				AC67731E1FB6C41700B03156 /* AFHTTPSessionManager.m in Sources */,
				AC6773231FB6C41700B03156 /* AFURLSessionManager.m in Sources */,
				AC6773271FB6C41700B03156 /* UIActivityIndicatorView+AFNetworking.m in Sources */,
				AC70E8C51FB6BDDD00C9C9E6 /* AppDelegate.m in Sources */,
				AC67732A1FB6C41700B03156 /* UIProgressView+AFNetworking.m in Sources */,
				AC67731F1FB6C41700B03156 /* AFNetworkReachabilityManager.m in Sources */,
				AC70E8C21FB6BDDD00C9C9E6 /* main.m in Sources */,
				AC6773261FB6C41700B03156 /* AFNetworkActivityIndicatorManager.m in Sources */,
				AC6773291FB6C41700B03156 /* UIImageView+AFNetworking.m in Sources */,
				AC6773281FB6C41700B03156 /* UIButton+AFNetworking.m in Sources */,
				AC67732B1FB6C41700B03156 /* UIRefreshControl+AFNetworking.m in Sources */,
				AC67732C1FB6C41700B03156 /* UIWebView+AFNetworking.m in Sources */,
				AC6773211FB6C41700B03156 /* AFURLRequestSerialization.m in Sources */,
				AC6773241FB6C41700B03156 /* AFAutoPurgingImageCache.m in Sources */,
				AC6773251FB6C41700B03156 /* AFImageDownloader.m in Sources */,
			);
			runOnlyForDeploymentPostprocessing = 0;
		};
		AC70E8D51FB6BDDD00C9C9E6 /* Sources */ = {
			isa = PBXSourcesBuildPhase;
			buildActionMask = 2147483647;
			files = (
				AC70E8DE1FB6BDDD00C9C9E6 /* SearchImageTests.m in Sources */,
			);
			runOnlyForDeploymentPostprocessing = 0;
		};
		AC70E8E01FB6BDDD00C9C9E6 /* Sources */ = {
			isa = PBXSourcesBuildPhase;
			buildActionMask = 2147483647;
			files = (
				AC70E8E91FB6BDDD00C9C9E6 /* SearchImageUITests.m in Sources */,
			);
			runOnlyForDeploymentPostprocessing = 0;
		};
/* End PBXSourcesBuildPhase section */

/* Begin PBXTargetDependency section */
		AC70E8DB1FB6BDDD00C9C9E6 /* PBXTargetDependency */ = {
			isa = PBXTargetDependency;
			target = AC70E8BC1FB6BDDD00C9C9E6 /* SearchImage */;
			targetProxy = AC70E8DA1FB6BDDD00C9C9E6 /* PBXContainerItemProxy */;
		};
		AC70E8E61FB6BDDD00C9C9E6 /* PBXTargetDependency */ = {
			isa = PBXTargetDependency;
			target = AC70E8BC1FB6BDDD00C9C9E6 /* SearchImage */;
			targetProxy = AC70E8E51FB6BDDD00C9C9E6 /* PBXContainerItemProxy */;
		};
/* End PBXTargetDependency section */

/* Begin PBXVariantGroup section */
		AC70E8C91FB6BDDD00C9C9E6 /* Main.storyboard */ = {
			isa = PBXVariantGroup;
			children = (
				AC70E8CA1FB6BDDD00C9C9E6 /* Base */,
			);
			name = Main.storyboard;
			sourceTree = "<group>";
		};
		AC70E8D11FB6BDDD00C9C9E6 /* LaunchScreen.storyboard */ = {
			isa = PBXVariantGroup;
			children = (
				AC70E8D21FB6BDDD00C9C9E6 /* Base */,
			);
			name = LaunchScreen.storyboard;
			sourceTree = "<group>";
		};
/* End PBXVariantGroup section */

/* Begin XCBuildConfiguration section */
		AC70E8EB1FB6BDDD00C9C9E6 /* Debug */ = {
			isa = XCBuildConfiguration;
			buildSettings = {
				ALWAYS_SEARCH_USER_PATHS = NO;
				CLANG_ANALYZER_NONNULL = YES;
				CLANG_ANALYZER_NUMBER_OBJECT_CONVERSION = YES_AGGRESSIVE;
				CLANG_CXX_LANGUAGE_STANDARD = "gnu++0x";
				CLANG_CXX_LIBRARY = "libc++";
				CLANG_ENABLE_MODULES = YES;
				CLANG_ENABLE_OBJC_ARC = YES;
				CLANG_WARN_BOOL_CONVERSION = YES;
				CLANG_WARN_CONSTANT_CONVERSION = YES;
				CLANG_WARN_DIRECT_OBJC_ISA_USAGE = YES_ERROR;
				CLANG_WARN_DOCUMENTATION_COMMENTS = YES;
				CLANG_WARN_EMPTY_BODY = YES;
				CLANG_WARN_ENUM_CONVERSION = YES;
				CLANG_WARN_INFINITE_RECURSION = YES;
				CLANG_WARN_INT_CONVERSION = YES;
				CLANG_WARN_OBJC_ROOT_CLASS = YES_ERROR;
				CLANG_WARN_SUSPICIOUS_MOVE = YES;
				CLANG_WARN_UNREACHABLE_CODE = YES;
				CLANG_WARN__DUPLICATE_METHOD_MATCH = YES;
				"CODE_SIGN_IDENTITY[sdk=iphoneos*]" = "iPhone Developer";
				COPY_PHASE_STRIP = NO;
				DEBUG_INFORMATION_FORMAT = dwarf;
				ENABLE_STRICT_OBJC_MSGSEND = YES;
				ENABLE_TESTABILITY = YES;
				GCC_C_LANGUAGE_STANDARD = gnu99;
				GCC_DYNAMIC_NO_PIC = NO;
				GCC_NO_COMMON_BLOCKS = YES;
				GCC_OPTIMIZATION_LEVEL = 0;
				GCC_PREPROCESSOR_DEFINITIONS = (
					"DEBUG=1",
					"$(inherited)",
				);
				GCC_WARN_64_TO_32_BIT_CONVERSION = YES;
				GCC_WARN_ABOUT_RETURN_TYPE = YES_ERROR;
				GCC_WARN_UNDECLARED_SELECTOR = YES;
				GCC_WARN_UNINITIALIZED_AUTOS = YES_AGGRESSIVE;
				GCC_WARN_UNUSED_FUNCTION = YES;
				GCC_WARN_UNUSED_VARIABLE = YES;
				IPHONEOS_DEPLOYMENT_TARGET = 10.3;
				MTL_ENABLE_DEBUG_INFO = YES;
				ONLY_ACTIVE_ARCH = YES;
				SDKROOT = iphoneos;
			};
			name = Debug;
		};
		AC70E8EC1FB6BDDD00C9C9E6 /* Release */ = {
			isa = XCBuildConfiguration;
			buildSettings = {
				ALWAYS_SEARCH_USER_PATHS = NO;
				CLANG_ANALYZER_NONNULL = YES;
				CLANG_ANALYZER_NUMBER_OBJECT_CONVERSION = YES_AGGRESSIVE;
				CLANG_CXX_LANGUAGE_STANDARD = "gnu++0x";
				CLANG_CXX_LIBRARY = "libc++";
				CLANG_ENABLE_MODULES = YES;
				CLANG_ENABLE_OBJC_ARC = YES;
				CLANG_WARN_BOOL_CONVERSION = YES;
				CLANG_WARN_CONSTANT_CONVERSION = YES;
				CLANG_WARN_DIRECT_OBJC_ISA_USAGE = YES_ERROR;
				CLANG_WARN_DOCUMENTATION_COMMENTS = YES;
				CLANG_WARN_EMPTY_BODY = YES;
				CLANG_WARN_ENUM_CONVERSION = YES;
				CLANG_WARN_INFINITE_RECURSION = YES;
				CLANG_WARN_INT_CONVERSION = YES;
				CLANG_WARN_OBJC_ROOT_CLASS = YES_ERROR;
				CLANG_WARN_SUSPICIOUS_MOVE = YES;
				CLANG_WARN_UNREACHABLE_CODE = YES;
				CLANG_WARN__DUPLICATE_METHOD_MATCH = YES;
				"CODE_SIGN_IDENTITY[sdk=iphoneos*]" = "iPhone Developer";
				COPY_PHASE_STRIP = NO;
				DEBUG_INFORMATION_FORMAT = "dwarf-with-dsym";
				ENABLE_NS_ASSERTIONS = NO;
				ENABLE_STRICT_OBJC_MSGSEND = YES;
				GCC_C_LANGUAGE_STANDARD = gnu99;
				GCC_NO_COMMON_BLOCKS = YES;
				GCC_WARN_64_TO_32_BIT_CONVERSION = YES;
				GCC_WARN_ABOUT_RETURN_TYPE = YES_ERROR;
				GCC_WARN_UNDECLARED_SELECTOR = YES;
				GCC_WARN_UNINITIALIZED_AUTOS = YES_AGGRESSIVE;
				GCC_WARN_UNUSED_FUNCTION = YES;
				GCC_WARN_UNUSED_VARIABLE = YES;
				IPHONEOS_DEPLOYMENT_TARGET = 10.3;
				MTL_ENABLE_DEBUG_INFO = NO;
				SDKROOT = iphoneos;
				VALIDATE_PRODUCT = YES;
			};
			name = Release;
		};
		AC70E8EE1FB6BDDD00C9C9E6 /* Debug */ = {
			isa = XCBuildConfiguration;
			buildSettings = {
				ASSETCATALOG_COMPILER_APPICON_NAME = AppIcon;
				INFOPLIST_FILE = SearchImage/Info.plist;
				IPHONEOS_DEPLOYMENT_TARGET = 8.0;
				LD_RUNPATH_SEARCH_PATHS = "$(inherited) @executable_path/Frameworks";
				PRODUCT_BUNDLE_IDENTIFIER = com.coastclear.SearchImage;
				PRODUCT_NAME = "$(TARGET_NAME)";
			};
			name = Debug;
		};
		AC70E8EF1FB6BDDD00C9C9E6 /* Release */ = {
			isa = XCBuildConfiguration;
			buildSettings = {
				ASSETCATALOG_COMPILER_APPICON_NAME = AppIcon;
				INFOPLIST_FILE = SearchImage/Info.plist;
				IPHONEOS_DEPLOYMENT_TARGET = 8.0;
				LD_RUNPATH_SEARCH_PATHS = "$(inherited) @executable_path/Frameworks";
				PRODUCT_BUNDLE_IDENTIFIER = com.coastclear.SearchImage;
				PRODUCT_NAME = "$(TARGET_NAME)";
			};
			name = Release;
		};
		AC70E8F11FB6BDDD00C9C9E6 /* Debug */ = {
			isa = XCBuildConfiguration;
			buildSettings = {
				BUNDLE_LOADER = "$(TEST_HOST)";
				INFOPLIST_FILE = SearchImageTests/Info.plist;
				LD_RUNPATH_SEARCH_PATHS = "$(inherited) @executable_path/Frameworks @loader_path/Frameworks";
				PRODUCT_BUNDLE_IDENTIFIER = com.coastclear.SearchImageTests;
				PRODUCT_NAME = "$(TARGET_NAME)";
				TEST_HOST = "$(BUILT_PRODUCTS_DIR)/SearchImage.app/SearchImage";
			};
			name = Debug;
		};
		AC70E8F21FB6BDDD00C9C9E6 /* Release */ = {
			isa = XCBuildConfiguration;
			buildSettings = {
				BUNDLE_LOADER = "$(TEST_HOST)";
				INFOPLIST_FILE = SearchImageTests/Info.plist;
				LD_RUNPATH_SEARCH_PATHS = "$(inherited) @executable_path/Frameworks @loader_path/Frameworks";
				PRODUCT_BUNDLE_IDENTIFIER = com.coastclear.SearchImageTests;
				PRODUCT_NAME = "$(TARGET_NAME)";
				TEST_HOST = "$(BUILT_PRODUCTS_DIR)/SearchImage.app/SearchImage";
			};
			name = Release;
		};
		AC70E8F41FB6BDDD00C9C9E6 /* Debug */ = {
			isa = XCBuildConfiguration;
			buildSettings = {
				INFOPLIST_FILE = SearchImageUITests/Info.plist;
				LD_RUNPATH_SEARCH_PATHS = "$(inherited) @executable_path/Frameworks @loader_path/Frameworks";
				PRODUCT_BUNDLE_IDENTIFIER = com.coastclear.SearchImageUITests;
				PRODUCT_NAME = "$(TARGET_NAME)";
				TEST_TARGET_NAME = SearchImage;
			};
			name = Debug;
		};
		AC70E8F51FB6BDDD00C9C9E6 /* Release */ = {
			isa = XCBuildConfiguration;
			buildSettings = {
				INFOPLIST_FILE = SearchImageUITests/Info.plist;
				LD_RUNPATH_SEARCH_PATHS = "$(inherited) @executable_path/Frameworks @loader_path/Frameworks";
				PRODUCT_BUNDLE_IDENTIFIER = com.coastclear.SearchImageUITests;
				PRODUCT_NAME = "$(TARGET_NAME)";
				TEST_TARGET_NAME = SearchImage;
			};
			name = Release;
		};
/* End XCBuildConfiguration section */

/* Begin XCConfigurationList section */
		AC70E8B81FB6BDDC00C9C9E6 /* Build configuration list for PBXProject "SearchImage" */ = {
			isa = XCConfigurationList;
			buildConfigurations = (
				AC70E8EB1FB6BDDD00C9C9E6 /* Debug */,
				AC70E8EC1FB6BDDD00C9C9E6 /* Release */,
			);
			defaultConfigurationIsVisible = 0;
			defaultConfigurationName = Release;
		};
		AC70E8ED1FB6BDDD00C9C9E6 /* Build configuration list for PBXNativeTarget "SearchImage" */ = {
			isa = XCConfigurationList;
			buildConfigurations = (
				AC70E8EE1FB6BDDD00C9C9E6 /* Debug */,
				AC70E8EF1FB6BDDD00C9C9E6 /* Release */,
			);
			defaultConfigurationIsVisible = 0;
			defaultConfigurationName = Release;
		};
		AC70E8F01FB6BDDD00C9C9E6 /* Build configuration list for PBXNativeTarget "SearchImageTests" */ = {
			isa = XCConfigurationList;
			buildConfigurations = (
				AC70E8F11FB6BDDD00C9C9E6 /* Debug */,
				AC70E8F21FB6BDDD00C9C9E6 /* Release */,
			);
			defaultConfigurationIsVisible = 0;
			defaultConfigurationName = Release;
		};
		AC70E8F31FB6BDDD00C9C9E6 /* Build configuration list for PBXNativeTarget "SearchImageUITests" */ = {
			isa = XCConfigurationList;
			buildConfigurations = (
				AC70E8F41FB6BDDD00C9C9E6 /* Debug */,
				AC70E8F51FB6BDDD00C9C9E6 /* Release */,
			);
			defaultConfigurationIsVisible = 0;
			defaultConfigurationName = Release;
		};
/* End XCConfigurationList section */

/* Begin XCVersionGroup section */
		AC70E8CC1FB6BDDD00C9C9E6 /* SearchImage.xcdatamodeld */ = {
			isa = XCVersionGroup;
			children = (
				AC70E8CD1FB6BDDD00C9C9E6 /* SearchImage.xcdatamodel */,
			);
			currentVersion = AC70E8CD1FB6BDDD00C9C9E6 /* SearchImage.xcdatamodel */;
			path = SearchImage.xcdatamodeld;
			sourceTree = "<group>";
			versionGroupType = wrapper.xcdatamodel;
		};
/* End XCVersionGroup section */
	};
	rootObject = AC70E8B51FB6BDDC00C9C9E6 /* Project object */;
}
